{
  "version": 1,
  "dependencies": {
    "net9.0-windows7.0": {
      "AutomaticGraphLayout": {
        "type": "Direct",
        "requested": "[1.1.12, )",
        "resolved": "1.1.12",
        "contentHash": "Txc1uVLwnKemnPWmGSAVSZaBR95VTxU7/LfarvSOuJC6KuwPW4xrLpIGTOUbCXYZiSnkxN2jiC3FwX/2051+9g=="
      },
      "DalamudPackager": {
        "type": "Direct",
        "requested": "[12.0.0, )",
        "resolved": "12.0.0",
        "contentHash": "J5TJLV3f16T/E2H2P17ClWjtfEBPpq3yxvqW46eN36JCm6wR+EaoaYkqG9Rm5sHqs3/nK/vKjWWyvEs/jhKoXw=="
      },
      "Lumina": {
        "type": "Direct",
        "requested": "[5.6.1, )",
        "resolved": "5.6.1",
        "contentHash": "r9b/xqmQFO1Gaf6pmiArCyotF2OA1RAS/EdSXwdo+gE61PKNU+I36EkkAiQwo8HAoDaxc6hcFhvBWIAYvJ9NBg==",
        "dependencies": {
          "Microsoft.Extensions.ObjectPool": "8.0.7"
        }
      },
      "Lumina.Excel": {
        "type": "Direct",
        "requested": "[7.2.1, )",
        "resolved": "7.2.1",
        "contentHash": "ZLl/DeSeTeb16A35Ay1oBk+OsRF6vUE0LbWurpwKrC5r5l3t+XNOkNsoo4MWYNCen/USdECaD0jquggMC9x5jw==",
        "dependencies": {
          "Lumina": "5.6.1"
        }
      },
      "System.Threading.Channels": {
        "type": "Direct",
        "requested": "[9.0.3, )",
        "resolved": "9.0.3",
        "contentHash": "Ao0iegVONKYVw0eWxJv0ArtMVfkFjgyyYKtUXru6xX5H95flSZWW3QCavD4PAgwpc0ETP38kGHaYbPzSE7sw2w=="
      },
      "Microsoft.Extensions.ObjectPool": {
        "type": "Transitive",
        "resolved": "8.0.7",
        "contentHash": "2yLweyqmpuuFSRo+I3sLHMxmnAgNcI537kBJiyv49U2ZEqo00jZcG8lrnD8uCiOJp9IklYyTZULtbsXoFVzsjQ=="
      }
    }
  }
}